eliasnaur.com/font v0.0.0-20230308162249-dd43949cb42d h1:ARo7NCVvN2NdhLlJE9xAbKweuI9L6UgfTbYb0YwPacY=
eliasnaur.com/font v0.0.0-20230308162249-dd43949cb42d/go.mod h1:OYVuxibdk9OSLX8vAqydtRPP87PyTFcT9uH3MlEGBQA=
gioui.org v0.7.1 h1:l7OVj47n1z8acaszQ6Wlu+Rxme+HqF3q8b+Fs68+x3w=
gioui.org v0.7.1/go.mod h1:5Kw/q7R1BWc5MKStuTNvhCgSrRqbfHc9Dzfjs4IGgZo=
gioui.org/cpu v0.0.0-20210808092351-bfe733dd3334/go.mod h1:A8M0Cn5o+vY5LTMlnRoK3O5kG+rH0kWfJjeKd9QpBmQ=
gioui.org/cpu v0.0.0-20220412190645-f1e9e8c3b1f7 h1:tNJdnP5CgM39PRc+KWmBRRYX/zJ+rd5XaYxY5d5veqA=
gioui.org/cpu v0.0.0-20220412190645-f1e9e8c3b1f7/go.mod h1:A8M0Cn5o+vY5LTMlnRoK3O5kG+rH0kWfJjeKd9QpBmQ=
gioui.org/shader v1.0.8 h1:6ks0o/A+b0ne7RzEqRZK5f4Gboz2CfG+mVliciy6+qA=
gioui.org/shader v1.0.8/go.mod h1:mWdiME581d/kV7/iEhLmUgUK5iZ09XR5XpduXzbePVM=
gioui.org/x v0.7.1 h1:7bnQHsV7qB36tIUit2WDcUx4Cnmo+6T9I38B9brLQ7o=
gioui.org/x v0.7.1/go.mod h1:5CzZ64oFpOaqb2kaMvj+QEr5T3nVuLKD0LizLH32ii0=
git.wow.st/gmp/jni v0.0.0-20210610011705-34026c7e22d0 h1:bGG/g4ypjrCJoSvFrP5hafr9PPB5aw8SjcOWWila7ZI=
git.wow.st/gmp/jni v0.0.0-20210610011705-34026c7e22d0/go.mod h1:+axXBRUTIDlCeE73IKeD/os7LoEnTKdkp8/gQOFjqyo=
github.com/creack/goselect v0.1.2 h1:2DNy14+JPjRBgPzAd1thbQp4BSIihxcBf0IXhQXDRa0=
github.com/creack/goselect v0.1.2/go.mod h1:a/NhLweNvqIYMuxcMOuWY516Cimucms3DglDzQP3hKY=
github.com/davecgh/go-spew v1.1.1 h1:vj9j/u1bqnvCEfJOwUhtlOARqs3+rkHYY13jYWTU97c=
github.com/davecgh/go-spew v1.1.1/go.mod h1:J7Y8YcW2NihsgmVo/mv3lAwl/skON4iLHjSsI+c5H38=
github.com/go-text/typesetting v0.1.1 h1:bGAesCuo85nXnEN5LmFMVGAGpGkCPtHrZLi//qD7EJo=
github.com/go-text/typesetting v0.1.1/go.mod h1:d22AnmeKq/on0HNv73UFriMKc4Ez6EqZAofLhAzpSzI=
github.com/go-text/typesetting-utils v0.0.0-20231211103740-d9332ae51f04 h1:zBx+p/W2aQYtNuyZNcTfinWvXBQwYtDfme051PR/lAY=
github.com/go-text/typesetting-utils v0.0.0-20231211103740-d9332ae51f04/go.mod h1:DDxDdQEnB70R8owOx3LVpEFvpMK9eeH1o2r0yZhFI9o=
github.com/godbus/dbus/v5 v5.0.6 h1:mkgN1ofwASrYnJ5W6U/BxG15eXXXjirgZc7CLqkcaro=
github.com/godbus/dbus/v5 v5.0.6/go.mod h1:xhWf0FNVPg57R7Z0UbKHbJfkEywrmjJnf7w5xrFpKfA=
github.com/oligo/gioview v0.5.1-0.20240805165652-db7ac64b4905 h1:iBiM6OWNacjpEy5qwflkvZC5pp6XJ3Fz5azIdEO7tmE=
github.com/oligo/gioview v0.5.1-0.20240805165652-db7ac64b4905/go.mod h1:5wxSoxxJ7FOVPnEYhqlUrT451rOmL8DQZCTeVlbVkoY=
github.com/pmezard/go-difflib v1.0.0 h1:4DBwDE0NGyQoBHbLQYPwSUPoCMWR5BEzIk/f1lZbAQM=
github.com/pmezard/go-difflib v1.0.0/go.mod h1:iKH77koFhYxTK1pcRnkKkqfTogsbg7gZNVY4sRDYZ/4=
github.com/stretchr/testify v1.9.0 h1:HtqpIVDClZ4nwg75+f6Lvsy/wHu+3BoSGCbBAcpTsTg=
github.com/stretchr/testify v1.9.0/go.mod h1:r2ic/lqez/lEtzL7wO/rwa5dbSLXVDPFyf8C91i36aY=
go.bug.st/serial v1.6.2 h1:kn9LRX3sdm+WxWKufMlIRndwGfPWsH1/9lCWXQCasq8=
go.bug.st/serial v1.6.2/go.mod h1:UABfsluHAiaNI+La2iESysd9Vetq7VRdpxvjx7CmmOE=
golang.org/x/exp v0.0.0-20240707233637-46b078467d37 h1:uLDX+AfeFCct3a2C7uIWBKMJIR3CJMhcgfrUAqjRK6w=
golang.org/x/exp v0.0.0-20240707233637-46b078467d37/go.mod h1:M4RDyNAINzryxdtnbRXRL/OHtkFuWGRjvuhBJpk2IlY=
golang.org/x/exp/shiny v0.0.0-20240707233637-46b078467d37 h1:SOSg7+sueresE4IbmmGM60GmlIys+zNX63d6/J4CMtU=
golang.org/x/exp/shiny v0.0.0-20240707233637-46b078467d37/go.mod h1:3F+MieQB7dRYLTmnncoFbb1crS5lfQoTfDgQy6K4N0o=
golang.org/x/image v0.18.0 h1:jGzIakQa/ZXI1I0Fxvaa9W7yP25TqT6cHIHn+6CqvSQ=
golang.org/x/image v0.18.0/go.mod h1:4yyo5vMFQjVjUcVk4jEQcU9MGy/rulF5WvUILseCM2E=
golang.org/x/sys v0.22.0 h1:RI27ohtqKCnwULzJLqkv897zojh5/DwS/ENaMzUOaWI=
golang.org/x/sys v0.22.0/go.mod h1:/VUhepiaJMQUp4+oa/7Zr1D23ma6VTLIYjOOTFZPUcA=
golang.org/x/text v0.16.0 h1:a94ExnEXNtEwYLGJSIUxnWoxoRz/ZcCsV63ROupILh4=
golang.org/x/text v0.16.0/go.mod h1:GhwF1Be+LQoKShO3cGOHzqOgRrGaYc9AvblQOmPVHnI=
gopkg.in/yaml.v3 v3.0.1 h1:fxVm/GzAzEWqLHuvctI91KS9hhNmmWOoWu0XTYJS7CA=
gopkg.in/yaml.v3 v3.0.1/go.mod h1:K4uyk7z7BCEPqu6E+C64Yfv1cQ7kz7rIZviUmN+EgEM=
